// !$*UTF8*$!
{
	archiveVersion = 1;
	classes = {
	};
	objectVersion = 51;
	objects = {

/* Begin PBXBuildFile section */
		26C01CC5B913EFE9D30235D5 /* Pods_FourSquareTests.framework in Frameworks */ = {isa = PBXBuildFile; fileRef = 48A9B4D953B70312D76E4966 /* Pods_FourSquareTests.framework */; };
		5E3A4E796BB7125A9DF04FA8 /* Pods_FourSquare.framework in Frameworks */ = {isa = PBXBuildFile; fileRef = 2A26F7EE69B3FBEE62D3900A /* Pods_FourSquare.framework */; };
		6DFE1776237DD260001D7190 /* AppDelegate.swift in Sources */ = {isa = PBXBuildFile; fileRef = 6DFE1775237DD260001D7190 /* AppDelegate.swift */; };
		6DFE177D237DD264001D7190 /* Assets.xcassets in Resources */ = {isa = PBXBuildFile; fileRef = 6DFE177C237DD264001D7190 /* Assets.xcassets */; };
		6DFE1780237DD264001D7190 /* LaunchScreen.storyboard in Resources */ = {isa = PBXBuildFile; fileRef = 6DFE177E237DD264001D7190 /* LaunchScreen.storyboard */; };
		6DFE178B237DD264001D7190 /* FourSquareTests.swift in Sources */ = {isa = PBXBuildFile; fileRef = 6DFE178A237DD264001D7190 /* FourSquareTests.swift */; };
		6DFE1799237DD6AC001D7190 /* MapViewController.xib in Resources */ = {isa = PBXBuildFile; fileRef = 6DFE1796237DD649001D7190 /* MapViewController.xib */; };
		6DFE179A237DD6AF001D7190 /* MapViewController.swift in Sources */ = {isa = PBXBuildFile; fileRef = 6DFE1795237DD649001D7190 /* MapViewController.swift */; };
		6DFE179D237E2DAC001D7190 /* FourSquareService.swift in Sources */ = {isa = PBXBuildFile; fileRef = 6DFE179C237E2DAC001D7190 /* FourSquareService.swift */; };
		6DFE17A8237F9522001D7190 /* SearchResponse.swift in Sources */ = {isa = PBXBuildFile; fileRef = 6DFE17A7237F9522001D7190 /* SearchResponse.swift */; };
		6DFE17AA237F9564001D7190 /* SearchResult.swift in Sources */ = {isa = PBXBuildFile; fileRef = 6DFE17A9237F9564001D7190 /* SearchResult.swift */; };
		6DFE17AC237F95A7001D7190 /* Venue.swift in Sources */ = {isa = PBXBuildFile; fileRef = 6DFE17AB237F95A7001D7190 /* Venue.swift */; };
		6DFE17AE237F96AB001D7190 /* Location.swift in Sources */ = {isa = PBXBuildFile; fileRef = 6DFE17AD237F96AB001D7190 /* Location.swift */; };
		6DFE17B1237FA06C001D7190 /* VenueAnnotation.swift in Sources */ = {isa = PBXBuildFile; fileRef = 6DFE17B0237FA06C001D7190 /* VenueAnnotation.swift */; };
		6DFE17B4237FA128001D7190 /* CLLocationCoordinate2D+Location.swift in Sources */ = {isa = PBXBuildFile; fileRef = 6DFE17B3237FA128001D7190 /* CLLocationCoordinate2D+Location.swift */; };
		6DFE17B62380116E001D7190 /* LocationService.swift in Sources */ = {isa = PBXBuildFile; fileRef = 6DFE17B52380116E001D7190 /* LocationService.swift */; };
		6DFE17B82380140F001D7190 /* MapPresenter.swift in Sources */ = {isa = PBXBuildFile; fileRef = 6DFE17B72380140F001D7190 /* MapPresenter.swift */; };
		6DFE17BC23801829001D7190 /* LocationServiceDelegate.swift in Sources */ = {isa = PBXBuildFile; fileRef = 6DFE17BB23801829001D7190 /* LocationServiceDelegate.swift */; };
		6DFE17BE2380413B001D7190 /* CLLocation+Utils.swift in Sources */ = {isa = PBXBuildFile; fileRef = 6DFE17BD2380413B001D7190 /* CLLocation+Utils.swift */; };
/* End PBXBuildFile section */

/* Begin PBXContainerItemProxy section */
		6DFE1787237DD264001D7190 /* PBXContainerItemProxy */ = {
			isa = PBXContainerItemProxy;
			containerPortal = 6DFE176A237DD25F001D7190 /* Project object */;
			proxyType = 1;
			remoteGlobalIDString = 6DFE1771237DD260001D7190;
			remoteInfo = FourSquare;
		};
/* End PBXContainerItemProxy section */

/* Begin PBXFileReference section */
		0401882BA95D045FB700BE61 /* Pods-FourSquareTests.debug.xcconfig */ = {isa = PBXFileReference; includeInIndex = 1; lastKnownFileType = text.xcconfig; name = "Pods-FourSquareTests.debug.xcconfig"; path = "Target Support Files/Pods-FourSquareTests/Pods-FourSquareTests.debug.xcconfig"; sourceTree = "<group>"; };
		2A26F7EE69B3FBEE62D3900A /* Pods_FourSquare.framework */ = {isa = PBXFileReference; explicitFileType = wrapper.framework; includeInIndex = 0; path = Pods_FourSquare.framework; sourceTree = BUILT_PRODUCTS_DIR; };
		48A9B4D953B70312D76E4966 /* Pods_FourSquareTests.framework */ = {isa = PBXFileReference; explicitFileType = wrapper.framework; includeInIndex = 0; path = Pods_FourSquareTests.framework; sourceTree = BUILT_PRODUCTS_DIR; };
		6B92748DA6A096BC3531C79A /* Pods-FourSquareTests.release.xcconfig */ = {isa = PBXFileReference; includeInIndex = 1; lastKnownFileType = text.xcconfig; name = "Pods-FourSquareTests.release.xcconfig"; path = "Target Support Files/Pods-FourSquareTests/Pods-FourSquareTests.release.xcconfig"; sourceTree = "<group>"; };
		6DFE1772237DD260001D7190 /* FourSquare.app */ = {isa = PBXFileReference; explicitFileType = wrapper.application; includeInIndex = 0; path = FourSquare.app; sourceTree = BUILT_PRODUCTS_DIR; };
		6DFE1775237DD260001D7190 /* AppDelegate.swift */ = {isa = PBXFileReference; lastKnownFileType = sourcecode.swift; path = AppDelegate.swift; sourceTree = "<group>"; };
		6DFE177C237DD264001D7190 /* Assets.xcassets */ = {isa = PBXFileReference; lastKnownFileType = folder.assetcatalog; path = Assets.xcassets; sourceTree = "<group>"; };
		6DFE177F237DD264001D7190 /* Base */ = {isa = PBXFileReference; lastKnownFileType = file.storyboard; name = Base; path = Base.lproj/LaunchScreen.storyboard; sourceTree = "<group>"; };
		6DFE1781237DD264001D7190 /* Info.plist */ = {isa = PBXFileReference; lastKnownFileType = text.plist.xml; path = Info.plist; sourceTree = "<group>"; };
		6DFE1786237DD264001D7190 /* FourSquareTests.xctest */ = {isa = PBXFileReference; explicitFileType = wrapper.cfbundle; includeInIndex = 0; path = FourSquareTests.xctest; sourceTree = BUILT_PRODUCTS_DIR; };
		6DFE178A237DD264001D7190 /* FourSquareTests.swift */ = {isa = PBXFileReference; lastKnownFileType = sourcecode.swift; path = FourSquareTests.swift; sourceTree = "<group>"; };
		6DFE178C237DD264001D7190 /* Info.plist */ = {isa = PBXFileReference; lastKnownFileType = text.plist.xml; path = Info.plist; sourceTree = "<group>"; };
		6DFE1795237DD649001D7190 /* MapViewController.swift */ = {isa = PBXFileReference; lastKnownFileType = sourcecode.swift; path = MapViewController.swift; sourceTree = "<group>"; };
		6DFE1796237DD649001D7190 /* MapViewController.xib */ = {isa = PBXFileReference; lastKnownFileType = file.xib; path = MapViewController.xib; sourceTree = "<group>"; };
		6DFE179C237E2DAC001D7190 /* FourSquareService.swift */ = {isa = PBXFileReference; lastKnownFileType = sourcecode.swift; path = FourSquareService.swift; sourceTree = "<group>"; };
		6DFE17A7237F9522001D7190 /* SearchResponse.swift */ = {isa = PBXFileReference; lastKnownFileType = sourcecode.swift; path = SearchResponse.swift; sourceTree = "<group>"; };
		6DFE17A9237F9564001D7190 /* SearchResult.swift */ = {isa = PBXFileReference; lastKnownFileType = sourcecode.swift; path = SearchResult.swift; sourceTree = "<group>"; };
		6DFE17AB237F95A7001D7190 /* Venue.swift */ = {isa = PBXFileReference; lastKnownFileType = sourcecode.swift; path = Venue.swift; sourceTree = "<group>"; };
		6DFE17AD237F96AB001D7190 /* Location.swift */ = {isa = PBXFileReference; lastKnownFileType = sourcecode.swift; path = Location.swift; sourceTree = "<group>"; };
		6DFE17B0237FA06C001D7190 /* VenueAnnotation.swift */ = {isa = PBXFileReference; lastKnownFileType = sourcecode.swift; path = VenueAnnotation.swift; sourceTree = "<group>"; };
		6DFE17B3237FA128001D7190 /* CLLocationCoordinate2D+Location.swift */ = {isa = PBXFileReference; lastKnownFileType = sourcecode.swift; path = "CLLocationCoordinate2D+Location.swift"; sourceTree = "<group>"; };
		6DFE17B52380116E001D7190 /* LocationService.swift */ = {isa = PBXFileReference; lastKnownFileType = sourcecode.swift; path = LocationService.swift; sourceTree = "<group>"; };
		6DFE17B72380140F001D7190 /* MapPresenter.swift */ = {isa = PBXFileReference; lastKnownFileType = sourcecode.swift; path = MapPresenter.swift; sourceTree = "<group>"; };
		6DFE17BB23801829001D7190 /* LocationServiceDelegate.swift */ = {isa = PBXFileReference; lastKnownFileType = sourcecode.swift; path = LocationServiceDelegate.swift; sourceTree = "<group>"; };
		6DFE17BD2380413B001D7190 /* CLLocation+Utils.swift */ = {isa = PBXFileReference; lastKnownFileType = sourcecode.swift; path = "CLLocation+Utils.swift"; sourceTree = "<group>"; };
		85608C2EC03A34F54EFE9AED /* Pods-FourSquare.debug.xcconfig */ = {isa = PBXFileReference; includeInIndex = 1; lastKnownFileType = text.xcconfig; name = "Pods-FourSquare.debug.xcconfig"; path = "Target Support Files/Pods-FourSquare/Pods-FourSquare.debug.xcconfig"; sourceTree = "<group>"; };
		97084CA108ED696198A38088 /* Pods-FourSquare.release.xcconfig */ = {isa = PBXFileReference; includeInIndex = 1; lastKnownFileType = text.xcconfig; name = "Pods-FourSquare.release.xcconfig"; path = "Target Support Files/Pods-FourSquare/Pods-FourSquare.release.xcconfig"; sourceTree = "<group>"; };
/* End PBXFileReference section */

/* Begin PBXFrameworksBuildPhase section */
		6DFE176F237DD260001D7190 /* Frameworks */ = {
			isa = PBXFrameworksBuildPhase;
			buildActionMask = 2147483647;
			files = (
				5E3A4E796BB7125A9DF04FA8 /* Pods_FourSquare.framework in Frameworks */,
			);
			runOnlyForDeploymentPostprocessing = 0;
		};
		6DFE1783237DD264001D7190 /* Frameworks */ = {
			isa = PBXFrameworksBuildPhase;
			buildActionMask = 2147483647;
			files = (
				26C01CC5B913EFE9D30235D5 /* Pods_FourSquareTests.framework in Frameworks */,
			);
			runOnlyForDeploymentPostprocessing = 0;
		};
/* End PBXFrameworksBuildPhase section */

/* Begin PBXGroup section */
		283001A4A68AC3812B6E0025 /* Frameworks */ = {
			isa = PBXGroup;
			children = (
				2A26F7EE69B3FBEE62D3900A /* Pods_FourSquare.framework */,
				48A9B4D953B70312D76E4966 /* Pods_FourSquareTests.framework */,
			);
			name = Frameworks;
			sourceTree = "<group>";
		};
		6DFE1769237DD25F001D7190 = {
			isa = PBXGroup;
			children = (
				6DFE1774237DD260001D7190 /* FourSquare */,
				6DFE1789237DD264001D7190 /* FourSquareTests */,
				6DFE1773237DD260001D7190 /* Products */,
				D59C2465C973740CA0A2FADD /* Pods */,
				283001A4A68AC3812B6E0025 /* Frameworks */,
			);
			sourceTree = "<group>";
		};
		6DFE1773237DD260001D7190 /* Products */ = {
			isa = PBXGroup;
			children = (
				6DFE1772237DD260001D7190 /* FourSquare.app */,
				6DFE1786237DD264001D7190 /* FourSquareTests.xctest */,
			);
			name = Products;
			sourceTree = "<group>";
		};
		6DFE1774237DD260001D7190 /* FourSquare */ = {
			isa = PBXGroup;
			children = (
				6DFE17BA23801819001D7190 /* Protocols */,
				6DFE17B2237FA10C001D7190 /* Extensions */,
				6DFE17AF237FA05C001D7190 /* Map */,
				6DFE17A6237F950A001D7190 /* Models */,
				6DFE179B237E2D89001D7190 /* Service */,
				6DFE1775237DD260001D7190 /* AppDelegate.swift */,
				6DFE177C237DD264001D7190 /* Assets.xcassets */,
				6DFE177E237DD264001D7190 /* LaunchScreen.storyboard */,
				6DFE1781237DD264001D7190 /* Info.plist */,
				6DFE1795237DD649001D7190 /* MapViewController.swift */,
				6DFE1796237DD649001D7190 /* MapViewController.xib */,
			);
			path = FourSquare;
			sourceTree = "<group>";
		};
		6DFE1789237DD264001D7190 /* FourSquareTests */ = {
			isa = PBXGroup;
			children = (
				6DFE178A237DD264001D7190 /* FourSquareTests.swift */,
				6DFE178C237DD264001D7190 /* Info.plist */,
			);
			path = FourSquareTests;
			sourceTree = "<group>";
		};
		6DFE179B237E2D89001D7190 /* Service */ = {
			isa = PBXGroup;
			children = (
				6DFE179C237E2DAC001D7190 /* FourSquareService.swift */,
				6DFE17B52380116E001D7190 /* LocationService.swift */,
			);
			path = Service;
			sourceTree = "<group>";
		};
		6DFE17A6237F950A001D7190 /* Models */ = {
			isa = PBXGroup;
			children = (
				6DFE17A9237F9564001D7190 /* SearchResult.swift */,
				6DFE17A7237F9522001D7190 /* SearchResponse.swift */,
				6DFE17AB237F95A7001D7190 /* Venue.swift */,
				6DFE17AD237F96AB001D7190 /* Location.swift */,
			);
			path = Models;
			sourceTree = "<group>";
		};
		6DFE17AF237FA05C001D7190 /* Map */ = {
			isa = PBXGroup;
			children = (
				6DFE17B0237FA06C001D7190 /* VenueAnnotation.swift */,
				6DFE17B72380140F001D7190 /* MapPresenter.swift */,
			);
			path = Map;
			sourceTree = "<group>";
		};
		6DFE17B2237FA10C001D7190 /* Extensions */ = {
			isa = PBXGroup;
			children = (
				6DFE17B3237FA128001D7190 /* CLLocationCoordinate2D+Location.swift */,
				6DFE17BD2380413B001D7190 /* CLLocation+Utils.swift */,
			);
			path = Extensions;
			sourceTree = "<group>";
		};
		6DFE17BA23801819001D7190 /* Protocols */ = {
			isa = PBXGroup;
			children = (
				6DFE17BB23801829001D7190 /* LocationServiceDelegate.swift */,
			);
			path = Protocols;
			sourceTree = "<group>";
		};
		D59C2465C973740CA0A2FADD /* Pods */ = {
			isa = PBXGroup;
			children = (
				85608C2EC03A34F54EFE9AED /* Pods-FourSquare.debug.xcconfig */,
				97084CA108ED696198A38088 /* Pods-FourSquare.release.xcconfig */,
				0401882BA95D045FB700BE61 /* Pods-FourSquareTests.debug.xcconfig */,
				6B92748DA6A096BC3531C79A /* Pods-FourSquareTests.release.xcconfig */,
			);
			path = Pods;
			sourceTree = "<group>";
		};
/* End PBXGroup section */

/* Begin PBXNativeTarget section */
		6DFE1771237DD260001D7190 /* FourSquare */ = {
			isa = PBXNativeTarget;
			buildConfigurationList = 6DFE178F237DD264001D7190 /* Build configuration list for PBXNativeTarget "FourSquare" */;
			buildPhases = (
				A31494F8F5D18FFEFDFDCE24 /* [CP] Check Pods Manifest.lock */,
				6DFE176E237DD260001D7190 /* Sources */,
				6DFE176F237DD260001D7190 /* Frameworks */,
				6DFE1770237DD260001D7190 /* Resources */,
				EC7B9394DD8978D363BC70C7 /* [CP] Embed Pods Frameworks */,
			);
			buildRules = (
			);
			dependencies = (
			);
			name = FourSquare;
			productName = FourSquare;
			productReference = 6DFE1772237DD260001D7190 /* FourSquare.app */;
			productType = "com.apple.product-type.application";
		};
		6DFE1785237DD264001D7190 /* FourSquareTests */ = {
			isa = PBXNativeTarget;
			buildConfigurationList = 6DFE1792237DD264001D7190 /* Build configuration list for PBXNativeTarget "FourSquareTests" */;
			buildPhases = (
				5CC721911667DA98233443F0 /* [CP] Check Pods Manifest.lock */,
				6DFE1782237DD264001D7190 /* Sources */,
				6DFE1783237DD264001D7190 /* Frameworks */,
				6DFE1784237DD264001D7190 /* Resources */,
			);
			buildRules = (
			);
			dependencies = (
				6DFE1788237DD264001D7190 /* PBXTargetDependency */,
			);
			name = FourSquareTests;
			productName = FourSquareTests;
			productReference = 6DFE1786237DD264001D7190 /* FourSquareTests.xctest */;
			productType = "com.apple.product-type.bundle.unit-test";
		};
/* End PBXNativeTarget section */

/* Begin PBXProject section */
		6DFE176A237DD25F001D7190 /* Project object */ = {
			isa = PBXProject;
			attributes = {
				LastSwiftUpdateCheck = 1020;
				LastUpgradeCheck = 1020;
				ORGANIZATIONNAME = "Julian Centurion";
				TargetAttributes = {
					6DFE1771237DD260001D7190 = {
						CreatedOnToolsVersion = 10.2.1;
					};
					6DFE1785237DD264001D7190 = {
						CreatedOnToolsVersion = 10.2.1;
						TestTargetID = 6DFE1771237DD260001D7190;
					};
				};
			};
			buildConfigurationList = 6DFE176D237DD260001D7190 /* Build configuration list for PBXProject "FourSquare" */;
			compatibilityVersion = "Xcode 9.3";
			developmentRegion = en;
			hasScannedForEncodings = 0;
			knownRegions = (
				en,
				Base,
			);
			mainGroup = 6DFE1769237DD25F001D7190;
			productRefGroup = 6DFE1773237DD260001D7190 /* Products */;
			projectDirPath = "";
			projectRoot = "";
			targets = (
				6DFE1771237DD260001D7190 /* FourSquare */,
				6DFE1785237DD264001D7190 /* FourSquareTests */,
			);
		};
/* End PBXProject section */

/* Begin PBXResourcesBuildPhase section */
		6DFE1770237DD260001D7190 /* Resources */ = {
			isa = PBXResourcesBuildPhase;
			buildActionMask = 2147483647;
			files = (
				6DFE1780237DD264001D7190 /* LaunchScreen.storyboard in Resources */,
				6DFE1799237DD6AC001D7190 /* MapViewController.xib in Resources */,
				6DFE177D237DD264001D7190 /* Assets.xcassets in Resources */,
			);
			runOnlyForDeploymentPostprocessing = 0;
		};
		6DFE1784237DD264001D7190 /* Resources */ = {
			isa = PBXResourcesBuildPhase;
			buildActionMask = 2147483647;
			files = (
			);
			runOnlyForDeploymentPostprocessing = 0;
		};
/* End PBXResourcesBuildPhase section */

/* Begin PBXShellScriptBuildPhase section */
		5CC721911667DA98233443F0 /* [CP] Check Pods Manifest.lock */ = {
			isa = PBXShellScriptBuildPhase;
			buildActionMask = 2147483647;
			files = (
			);
			inputFileListPaths = (
			);
			inputPaths = (
				"${PODS_PODFILE_DIR_PATH}/Podfile.lock",
				"${PODS_ROOT}/Manifest.lock",
			);
			name = "[CP] Check Pods Manifest.lock";
			outputFileListPaths = (
			);
			outputPaths = (
				"$(DERIVED_FILE_DIR)/Pods-FourSquareTests-checkManifestLockResult.txt",
			);
			runOnlyForDeploymentPostprocessing = 0;
			shellPath = /bin/sh;
			shellScript = "diff \"${PODS_PODFILE_DIR_PATH}/Podfile.lock\" \"${PODS_ROOT}/Manifest.lock\" > /dev/null\nif [ $? != 0 ] ; then\n    # print error to STDERR\n    echo \"error: The sandbox is not in sync with the Podfile.lock. Run 'pod install' or update your CocoaPods installation.\" >&2\n    exit 1\nfi\n# This output is used by Xcode 'outputs' to avoid re-running this script phase.\necho \"SUCCESS\" > \"${SCRIPT_OUTPUT_FILE_0}\"\n";
			showEnvVarsInLog = 0;
		};
		A31494F8F5D18FFEFDFDCE24 /* [CP] Check Pods Manifest.lock */ = {
			isa = PBXShellScriptBuildPhase;
			buildActionMask = 2147483647;
			files = (
			);
			inputFileListPaths = (
			);
			inputPaths = (
				"${PODS_PODFILE_DIR_PATH}/Podfile.lock",
				"${PODS_ROOT}/Manifest.lock",
			);
			name = "[CP] Check Pods Manifest.lock";
			outputFileListPaths = (
			);
			outputPaths = (
				"$(DERIVED_FILE_DIR)/Pods-FourSquare-checkManifestLockResult.txt",
			);
			runOnlyForDeploymentPostprocessing = 0;
			shellPath = /bin/sh;
			shellScript = "diff \"${PODS_PODFILE_DIR_PATH}/Podfile.lock\" \"${PODS_ROOT}/Manifest.lock\" > /dev/null\nif [ $? != 0 ] ; then\n    # print error to STDERR\n    echo \"error: The sandbox is not in sync with the Podfile.lock. Run 'pod install' or update your CocoaPods installation.\" >&2\n    exit 1\nfi\n# This output is used by Xcode 'outputs' to avoid re-running this script phase.\necho \"SUCCESS\" > \"${SCRIPT_OUTPUT_FILE_0}\"\n";
			showEnvVarsInLog = 0;
		};
		EC7B9394DD8978D363BC70C7 /* [CP] Embed Pods Frameworks */ = {
			isa = PBXShellScriptBuildPhase;
			buildActionMask = 2147483647;
			files = (
			);
			inputFileListPaths = (
				"${PODS_ROOT}/Target Support Files/Pods-FourSquare/Pods-FourSquare-frameworks-${CONFIGURATION}-input-files.xcfilelist",
			);
			name = "[CP] Embed Pods Frameworks";
			outputFileListPaths = (
				"${PODS_ROOT}/Target Support Files/Pods-FourSquare/Pods-FourSquare-frameworks-${CONFIGURATION}-output-files.xcfilelist",
			);
			runOnlyForDeploymentPostprocessing = 0;
			shellPath = /bin/sh;
			shellScript = "\"${PODS_ROOT}/Target Support Files/Pods-FourSquare/Pods-FourSquare-frameworks.sh\"\n";
			showEnvVarsInLog = 0;
		};
/* End PBXShellScriptBuildPhase section */

/* Begin PBXSourcesBuildPhase section */
		6DFE176E237DD260001D7190 /* Sources */ = {
			isa = PBXSourcesBuildPhase;
			buildActionMask = 2147483647;
			files = (
				6DFE17A8237F9522001D7190 /* SearchResponse.swift in Sources */,
				6DFE17AC237F95A7001D7190 /* Venue.swift in Sources */,
				6DFE17B62380116E001D7190 /* LocationService.swift in Sources */,
				6DFE17B82380140F001D7190 /* MapPresenter.swift in Sources */,
				6DFE17BC23801829001D7190 /* LocationServiceDelegate.swift in Sources */,
				6DFE1776237DD260001D7190 /* AppDelegate.swift in Sources */,
				6DFE17AA237F9564001D7190 /* SearchResult.swift in Sources */,
				6DFE179D237E2DAC001D7190 /* FourSquareService.swift in Sources */,
				6DFE179A237DD6AF001D7190 /* MapViewController.swift in Sources */,
				6DFE17B1237FA06C001D7190 /* VenueAnnotation.swift in Sources */,
				6DFE17B4237FA128001D7190 /* CLLocationCoordinate2D+Location.swift in Sources */,
				6DFE17AE237F96AB001D7190 /* Location.swift in Sources */,
				6DFE17BE2380413B001D7190 /* CLLocation+Utils.swift in Sources */,
			);
			runOnlyForDeploymentPostprocessing = 0;
		};
		6DFE1782237DD264001D7190 /* Sources */ = {
			isa = PBXSourcesBuildPhase;
			buildActionMask = 2147483647;
			files = (
				6DFE178B237DD264001D7190 /* FourSquareTests.swift in Sources */,
			);
			runOnlyForDeploymentPostprocessing = 0;
		};
/* End PBXSourcesBuildPhase section */

/* Begin PBXTargetDependency section */
		6DFE1788237DD264001D7190 /* PBXTargetDependency */ = {
			isa = PBXTargetDependency;
			target = 6DFE1771237DD260001D7190 /* FourSquare */;
			targetProxy = 6DFE1787237DD264001D7190 /* PBXContainerItemProxy */;
		};
/* End PBXTargetDependency section */

/* Begin PBXVariantGroup section */
		6DFE177E237DD264001D7190 /* LaunchScreen.storyboard */ = {
			isa = PBXVariantGroup;
			children = (
				6DFE177F237DD264001D7190 /* Base */,
			);
			name = LaunchScreen.storyboard;
			sourceTree = "<group>";
		};
/* End PBXVariantGroup section */

/* Begin XCBuildConfiguration section */
		6DFE178D237DD264001D7190 /* Debug */ = {
			isa = XCBuildConfiguration;
			buildSettings = {
				ALWAYS_SEARCH_USER_PATHS = NO;
				CLANG_ANALYZER_NONNULL = YES;
				CLANG_ANALYZER_NUMBER_OBJECT_CONVERSION = YES_AGGRESSIVE;
				CLANG_CXX_LANGUAGE_STANDARD = "gnu++14";
				CLANG_CXX_LIBRARY = "libc++";
				CLANG_ENABLE_MODULES = YES;
				CLANG_ENABLE_OBJC_ARC = YES;
				CLANG_ENABLE_OBJC_WEAK = YES;
				CLANG_WARN_BLOCK_CAPTURE_AUTORELEASING = YES;
				CLANG_WARN_BOOL_CONVERSION = YES;
				CLANG_WARN_COMMA = YES;
				CLANG_WARN_CONSTANT_CONVERSION = YES;
				CLANG_WARN_DEPRECATED_OBJC_IMPLEMENTATIONS = YES;
				CLANG_WARN_DIRECT_OBJC_ISA_USAGE = YES_ERROR;
				CLANG_WARN_DOCUMENTATION_COMMENTS = YES;
				CLANG_WARN_EMPTY_BODY = YES;
				CLANG_WARN_ENUM_CONVERSION = YES;
				CLANG_WARN_INFINITE_RECURSION = YES;
				CLANG_WARN_INT_CONVERSION = YES;
				CLANG_WARN_NON_LITERAL_NULL_CONVERSION = YES;
				CLANG_WARN_OBJC_IMPLICIT_RETAIN_SELF = YES;
				CLANG_WARN_OBJC_LITERAL_CONVERSION = YES;
				CLANG_WARN_OBJC_ROOT_CLASS = YES_ERROR;
				CLANG_WARN_RANGE_LOOP_ANALYSIS = YES;
				CLANG_WARN_STRICT_PROTOTYPES = YES;
				CLANG_WARN_SUSPICIOUS_MOVE = YES;
				CLANG_WARN_UNGUARDED_AVAILABILITY = YES_AGGRESSIVE;
				CLANG_WARN_UNREACHABLE_CODE = YES;
				CLANG_WARN__DUPLICATE_METHOD_MATCH = YES;
				CODE_SIGN_IDENTITY = "iPhone Developer";
				COPY_PHASE_STRIP = NO;
				DEBUG_INFORMATION_FORMAT = dwarf;
				ENABLE_STRICT_OBJC_MSGSEND = YES;
				ENABLE_TESTABILITY = YES;
				GCC_C_LANGUAGE_STANDARD = gnu11;
				GCC_DYNAMIC_NO_PIC = NO;
				GCC_NO_COMMON_BLOCKS = YES;
				GCC_OPTIMIZATION_LEVEL = 0;
				GCC_PREPROCESSOR_DEFINITIONS = (
					"DEBUG=1",
					"$(inherited)",
				);
				GCC_WARN_64_TO_32_BIT_CONVERSION = YES;
				GCC_WARN_ABOUT_RETURN_TYPE = YES_ERROR;
				GCC_WARN_UNDECLARED_SELECTOR = YES;
				GCC_WARN_UNINITIALIZED_AUTOS = YES_AGGRESSIVE;
				GCC_WARN_UNUSED_FUNCTION = YES;
				GCC_WARN_UNUSED_VARIABLE = YES;
				IPHONEOS_DEPLOYMENT_TARGET = 12.2;
				MTL_ENABLE_DEBUG_INFO = INCLUDE_SOURCE;
				MTL_FAST_MATH = YES;
				ONLY_ACTIVE_ARCH = YES;
				SDKROOT = iphoneos;
				SWIFT_ACTIVE_COMPILATION_CONDITIONS = DEBUG;
				SWIFT_OPTIMIZATION_LEVEL = "-Onone";
			};
			name = Debug;
		};
		6DFE178E237DD264001D7190 /* Release */ = {
			isa = XCBuildConfiguration;
			buildSettings = {
				ALWAYS_SEARCH_USER_PATHS = NO;
				CLANG_ANALYZER_NONNULL = YES;
				CLANG_ANALYZER_NUMBER_OBJECT_CONVERSION = YES_AGGRESSIVE;
				CLANG_CXX_LANGUAGE_STANDARD = "gnu++14";
				CLANG_CXX_LIBRARY = "libc++";
				CLANG_ENABLE_MODULES = YES;
				CLANG_ENABLE_OBJC_ARC = YES;
				CLANG_ENABLE_OBJC_WEAK = YES;
				CLANG_WARN_BLOCK_CAPTURE_AUTORELEASING = YES;
				CLANG_WARN_BOOL_CONVERSION = YES;
				CLANG_WARN_COMMA = YES;
				CLANG_WARN_CONSTANT_CONVERSION = YES;
				CLANG_WARN_DEPRECATED_OBJC_IMPLEMENTATIONS = YES;
				CLANG_WARN_DIRECT_OBJC_ISA_USAGE = YES_ERROR;
				CLANG_WARN_DOCUMENTATION_COMMENTS = YES;
				CLANG_WARN_EMPTY_BODY = YES;
				CLANG_WARN_ENUM_CONVERSION = YES;
				CLANG_WARN_INFINITE_RECURSION = YES;
				CLANG_WARN_INT_CONVERSION = YES;
				CLANG_WARN_NON_LITERAL_NULL_CONVERSION = YES;
				CLANG_WARN_OBJC_IMPLICIT_RETAIN_SELF = YES;
				CLANG_WARN_OBJC_LITERAL_CONVERSION = YES;
				CLANG_WARN_OBJC_ROOT_CLASS = YES_ERROR;
				CLANG_WARN_RANGE_LOOP_ANALYSIS = YES;
				CLANG_WARN_STRICT_PROTOTYPES = YES;
				CLANG_WARN_SUSPICIOUS_MOVE = YES;
				CLANG_WARN_UNGUARDED_AVAILABILITY = YES_AGGRESSIVE;
				CLANG_WARN_UNREACHABLE_CODE = YES;
				CLANG_WARN__DUPLICATE_METHOD_MATCH = YES;
				CODE_SIGN_IDENTITY = "iPhone Developer";
				COPY_PHASE_STRIP = NO;
				DEBUG_INFORMATION_FORMAT = "dwarf-with-dsym";
				ENABLE_NS_ASSERTIONS = NO;
				ENABLE_STRICT_OBJC_MSGSEND = YES;
				GCC_C_LANGUAGE_STANDARD = gnu11;
				GCC_NO_COMMON_BLOCKS = YES;
				GCC_WARN_64_TO_32_BIT_CONVERSION = YES;
				GCC_WARN_ABOUT_RETURN_TYPE = YES_ERROR;
				GCC_WARN_UNDECLARED_SELECTOR = YES;
				GCC_WARN_UNINITIALIZED_AUTOS = YES_AGGRESSIVE;
				GCC_WARN_UNUSED_FUNCTION = YES;
				GCC_WARN_UNUSED_VARIABLE = YES;
				IPHONEOS_DEPLOYMENT_TARGET = 12.2;
				MTL_ENABLE_DEBUG_INFO = NO;
				MTL_FAST_MATH = YES;
				SDKROOT = iphoneos;
				SWIFT_COMPILATION_MODE = wholemodule;
				SWIFT_OPTIMIZATION_LEVEL = "-O";
				VALIDATE_PRODUCT = YES;
			};
			name = Release;
		};
		6DFE1790237DD264001D7190 /* Debug */ = {
			isa = XCBuildConfiguration;
			baseConfigurationReference = 85608C2EC03A34F54EFE9AED /* Pods-FourSquare.debug.xcconfig */;
			buildSettings = {
				ASSETCATALOG_COMPILER_APPICON_NAME = AppIcon;
				CODE_SIGN_STYLE = Automatic;
				INFOPLIST_FILE = FourSquare/Info.plist;
				LD_RUNPATH_SEARCH_PATHS = (
					"$(inherited)",
					"@executable_path/Frameworks",
				);
				PRODUCT_BUNDLE_IDENTIFIER = com.jcenturion.FourSquare;
				PRODUCT_NAME = "$(TARGET_NAME)";
				SWIFT_VERSION = 5.0;
				TARGETED_DEVICE_FAMILY = "1,2";
			};
			name = Debug;
		};
		6DFE1791237DD264001D7190 /* Release */ = {
			isa = XCBuildConfiguration;
			baseConfigurationReference = 97084CA108ED696198A38088 /* Pods-FourSquare.release.xcconfig */;
			buildSettings = {
				ASSETCATALOG_COMPILER_APPICON_NAME = AppIcon;
				CODE_SIGN_STYLE = Automatic;
				INFOPLIST_FILE = FourSquare/Info.plist;
				LD_RUNPATH_SEARCH_PATHS = (
					"$(inherited)",
					"@executable_path/Frameworks",
				);
				PRODUCT_BUNDLE_IDENTIFIER = com.jcenturion.FourSquare;
				PRODUCT_NAME = "$(TARGET_NAME)";
				SWIFT_VERSION = 5.0;
				TARGETED_DEVICE_FAMILY = "1,2";
			};
			name = Release;
		};
		6DFE1793237DD264001D7190 /* Debug */ = {
			isa = XCBuildConfiguration;
			baseConfigurationReference = 0401882BA95D045FB700BE61 /* Pods-FourSquareTests.debug.xcconfig */;
			buildSettings = {
				ALWAYS_EMBED_SWIFT_STANDARD_LIBRARIES = YES;
				BUNDLE_LOADER = "$(TEST_HOST)";
				CODE_SIGN_STYLE = Automatic;
				INFOPLIST_FILE = FourSquareTests/Info.plist;
				LD_RUNPATH_SEARCH_PATHS = (
					"$(inherited)",
					"@executable_path/Frameworks",
					"@loader_path/Frameworks",
				);
				PRODUCT_BUNDLE_IDENTIFIER = com.jcenturion.FourSquareTests;
				PRODUCT_NAME = "$(TARGET_NAME)";
				SWIFT_VERSION = 5.0;
				TARGETED_DEVICE_FAMILY = "1,2";
				TEST_HOST = "$(BUILT_PRODUCTS_DIR)/FourSquare.app/FourSquare";
			};
			name = Debug;
		};
		6DFE1794237DD264001D7190 /* Release */ = {
			isa = XCBuildConfiguration;
			baseConfigurationReference = 6B92748DA6A096BC3531C79A /* Pods-FourSquareTests.release.xcconfig */;
			buildSettings = {
				ALWAYS_EMBED_SWIFT_STANDARD_LIBRARIES = YES;
				BUNDLE_LOADER = "$(TEST_HOST)";
				CODE_SIGN_STYLE = Automatic;
				INFOPLIST_FILE = FourSquareTests/Info.plist;
				LD_RUNPATH_SEARCH_PATHS = (
					"$(inherited)",
					"@executable_path/Frameworks",
					"@loader_path/Frameworks",
				);
				PRODUCT_BUNDLE_IDENTIFIER = com.jcenturion.FourSquareTests;
				PRODUCT_NAME = "$(TARGET_NAME)";
				SWIFT_VERSION = 5.0;
				TARGETED_DEVICE_FAMILY = "1,2";
				TEST_HOST = "$(BUILT_PRODUCTS_DIR)/FourSquare.app/FourSquare";
			};
			name = Release;
		};
/* End XCBuildConfiguration section */

/* Begin XCConfigurationList section */
		6DFE176D237DD260001D7190 /* Build configuration list for PBXProject "FourSquare" */ = {
			isa = XCConfigurationList;
			buildConfigurations = (
				6DFE178D237DD264001D7190 /* Debug */,
				6DFE178E237DD264001D7190 /* Release */,
			);
			defaultConfigurationIsVisible = 0;
			defaultConfigurationName = Release;
		};
		6DFE178F237DD264001D7190 /* Build configuration list for PBXNativeTarget "FourSquare" */ = {
			isa = XCConfigurationList;
			buildConfigurations = (
				6DFE1790237DD264001D7190 /* Debug */,
				6DFE1791237DD264001D7190 /* Release */,
			);
			defaultConfigurationIsVisible = 0;
			defaultConfigurationName = Release;
		};
		6DFE1792237DD264001D7190 /* Build configuration list for PBXNativeTarget "FourSquareTests" */ = {
			isa = XCConfigurationList;
			buildConfigurations = (
				6DFE1793237DD264001D7190 /* Debug */,
				6DFE1794237DD264001D7190 /* Release */,
			);
			defaultConfigurationIsVisible = 0;
			defaultConfigurationName = Release;
		};
/* End XCConfigurationList section */
	};
	rootObject = 6DFE176A237DD25F001D7190 /* Project object */;
}
