PODS:
  - Alamofire (4.9.1)
  - Nuke (8.4.1)
  - PureLayout (3.1.9)

DEPENDENCIES:
  - Alamofire (= 4.9.1)
  - Nuke (~> 8.0)
  - PureLayout

SPEC REPOS:
  trunk:
    - Alamofire
    - Nuke
    - PureLayout

SPEC CHECKSUMS:
  Alamofire: 85e8a02c69d6020a0d734f6054870d7ecb75cf18
  Nuke: d780e3507a86b86c589ab3cc5cd302d5456f06fb
  PureLayout: 5fb5e5429519627d60d079ccb1eaa7265ce7cf88

PODFILE CHECKSUM: df382c6dcdf065260c33503d183e820be30d1a3c

COCOAPODS: 1.10.1
